
Microsoft Visual Studio Solution File, Format Version 11.00
# Visual Studio 2010
Project("{FAE04EC0-301F-11D3-BF4B-00C04F79EFBC}") = "Assembly-CSharp", "Assembly-CSharp.csproj", "{9CC911D8-FB0C-FAFD-0660-45AF5AAC8C26}"
EndProject
Project("{FAE04EC0-301F-11D3-BF4B-00C04F79EFBC}") = "Assembly-CSharp-Editor", "Assembly-CSharp-Editor.csproj", "{6DF55EDE-74B2-62BE-BBF7-6C362563DADE}"
EndProject
Global
	GlobalSection(SolutionConfigurationPlatforms) = preSolution
		Debug|Any CPU = Debug|Any CPU
		Release|Any CPU = Release|Any CPU
	EndGlobalSection
	GlobalSection(ProjectConfigurationPlatforms) = postSolution
		{9CC911D8-FB0C-FAFD-0660-45AF5AAC8C26}.Debug|Any CPU.ActiveCfg = Debug|Any CPU
		{9CC911D8-FB0C-FAFD-0660-45AF5AAC8C26}.Debug|Any CPU.Build.0 = Debug|Any CPU
		{9CC911D8-FB0C-FAFD-0660-45AF5AAC8C26}.Release|Any CPU.ActiveCfg = Release|Any CPU
		{9CC911D8-FB0C-FAFD-0660-45AF5AAC8C26}.Release|Any CPU.Build.0 = Release|Any CPU
		{6DF55EDE-74B2-62BE-BBF7-6C362563DADE}.Debug|Any CPU.ActiveCfg = Debug|Any CPU
		{6DF55EDE-74B2-62BE-BBF7-6C362563DADE}.Debug|Any CPU.Build.0 = Debug|Any CPU
		{6DF55EDE-74B2-62BE-BBF7-6C362563DADE}.Release|Any CPU.ActiveCfg = Release|Any CPU
		{6DF55EDE-74B2-62BE-BBF7-6C362563DADE}.Release|Any CPU.Build.0 = Release|Any CPU
	EndGlobalSection
	GlobalSection(SolutionProperties) = preSolution
		HideSolutionNode = FALSE
	EndGlobalSection
EndGlobal
